// !$*UTF8*$!
{
	archiveVersion = 1;
	classes = {
	};
	objectVersion = 70;
	objects = {

/* Begin PBXBuildFile section */
		711F1F172C2CAD310079B854 /* DETRResnet50SemanticSegmentationF16P8.mlpackage in Sources */ = {isa = PBXBuildFile; fileRef = 711F1F162C2CAD310079B854 /* DETRResnet50SemanticSegmentationF16P8.mlpackage */; };
		71E1FD242C12C88A000E93B1 /* MainView.swift in Sources */ = {isa = PBXBuildFile; fileRef = 71E1FD232C12C881000E93B1 /* MainView.swift */; };
		71E1FD262C12D339000E93B1 /* ViewModel.swift in Sources */ = {isa = PBXBuildFile; fileRef = 71E1FD252C12D324000E93B1 /* ViewModel.swift */; };
		71F286B32C2DE54E0004D109 /* SegmentationModelHelper.swift in Sources */ = {isa = PBXBuildFile; fileRef = 71F286B12C2DE5400004D109 /* SegmentationModelHelper.swift */; };
		D8C894812BE931A20043DB71 /* SegmentationApp.swift in Sources */ = {isa = PBXBuildFile; fileRef = D8C894802BE931A20043DB71 /* SegmentationApp.swift */; };
		D8C894852BE931A30043DB71 /* Assets.xcassets in Resources */ = {isa = PBXBuildFile; fileRef = D8C894842BE931A30043DB71 /* Assets.xcassets */; };
		D8C894892BE931A30043DB71 /* Preview Assets.xcassets in Resources */ = {isa = PBXBuildFile; fileRef = D8C894882BE931A30043DB71 /* Preview Assets.xcassets */; };
		D8C894D12BEAD1230043DB71 /* CoreImageExtensions.swift in Sources */ = {isa = PBXBuildFile; fileRef = D8C894D02BEAD0F50043DB71 /* CoreImageExtensions.swift */; };
/* End PBXBuildFile section */

/* Begin PBXContainerItemProxy section */
		E124A0A92E92BB2C006EB402 /* PBXContainerItemProxy */ = {
			isa = PBXContainerItemProxy;
			containerPortal = D8C894752BE931A10043DB71 /* Project object */;
			proxyType = 1;
			remoteGlobalIDString = D8C8947C2BE931A10043DB71;
			remoteInfo = SegmentationApp;
		};
/* End PBXContainerItemProxy section */

/* Begin PBXFileReference section */
		44FF279AB9F0BEBC72FDD7A7 /* LICENSE.txt */ = {isa = PBXFileReference; includeInIndex = 1; lastKnownFileType = text; path = LICENSE.txt; sourceTree = "<group>"; };
		4C0B8B734E9C9BB26F7D8D61 /* SampleCode.xcconfig */ = {isa = PBXFileReference; lastKnownFileType = text.xcconfig; name = SampleCode.xcconfig; path = Configuration/SampleCode.xcconfig; sourceTree = "<group>"; };
		711F1F162C2CAD310079B854 /* DETRResnet50SemanticSegmentationF16P8.mlpackage */ = {isa = PBXFileReference; lastKnownFileType = folder.mlpackage; path = DETRResnet50SemanticSegmentationF16P8.mlpackage; sourceTree = "<group>"; };
		71E1FD232C12C881000E93B1 /* MainView.swift */ = {isa = PBXFileReference; lastKnownFileType = sourcecode.swift; path = MainView.swift; sourceTree = "<group>"; };
		71E1FD252C12D324000E93B1 /* ViewModel.swift */ = {isa = PBXFileReference; lastKnownFileType = sourcecode.swift; path = ViewModel.swift; sourceTree = "<group>"; };
		71F286B12C2DE5400004D109 /* SegmentationModelHelper.swift */ = {isa = PBXFileReference; lastKnownFileType = sourcecode.swift; path = SegmentationModelHelper.swift; sourceTree = "<group>"; };
		859DBECD75EAF51D2B75BED1 /* README.md */ = {isa = PBXFileReference; lastKnownFileType = net.daringfireball.markdown; path = README.md; sourceTree = "<group>"; };
		D8C8947D2BE931A10043DB71 /* SegmentationApp.app */ = {isa = PBXFileReference; explicitFileType = wrapper.application; includeInIndex = 0; path = SegmentationApp.app; sourceTree = BUILT_PRODUCTS_DIR; };
		D8C894802BE931A20043DB71 /* SegmentationApp.swift */ = {isa = PBXFileReference; lastKnownFileType = sourcecode.swift; path = SegmentationApp.swift; sourceTree = "<group>"; };
		D8C894842BE931A30043DB71 /* Assets.xcassets */ = {isa = PBXFileReference; lastKnownFileType = folder.assetcatalog; path = Assets.xcassets; sourceTree = "<group>"; };
		D8C894862BE931A30043DB71 /* SegmentationApp.entitlements */ = {isa = PBXFileReference; lastKnownFileType = text.plist.entitlements; path = SegmentationApp.entitlements; sourceTree = "<group>"; };
		D8C894882BE931A30043DB71 /* Preview Assets.xcassets */ = {isa = PBXFileReference; lastKnownFileType = folder.assetcatalog; path = "Preview Assets.xcassets"; sourceTree = "<group>"; };
		D8C894D02BEAD0F50043DB71 /* CoreImageExtensions.swift */ = {isa = PBXFileReference; lastKnownFileType = sourcecode.swift; path = CoreImageExtensions.swift; sourceTree = "<group>"; };
		E124A0A52E92BB2C006EB402 /* SegmentationAppTests.xctest */ = {isa = PBXFileReference; explicitFileType = wrapper.cfbundle; includeInIndex = 0; path = SegmentationAppTests.xctest; sourceTree = BUILT_PRODUCTS_DIR; };
/* End PBXFileReference section */

/* Begin PBXFileSystemSynchronizedRootGroup section */
		E124A0A62E92BB2C006EB402 /* SegmentationAppTests */ = {isa = PBXFileSystemSynchronizedRootGroup; explicitFileTypes = {}; explicitFolders = (); path = SegmentationAppTests; sourceTree = "<group>"; };
/* End PBXFileSystemSynchronizedRootGroup section */

/* Begin PBXFrameworksBuildPhase section */
		D8C8947A2BE931A10043DB71 /* Frameworks */ = {
			isa = PBXFrameworksBuildPhase;
			buildActionMask = 2147483647;
			files = (
			);
			runOnlyForDeploymentPostprocessing = 0;
		};
		E124A0A22E92BB2C006EB402 /* Frameworks */ = {
			isa = PBXFrameworksBuildPhase;
			buildActionMask = 2147483647;
			files = (
			);
			runOnlyForDeploymentPostprocessing = 0;
		};
/* End PBXFrameworksBuildPhase section */

/* Begin PBXGroup section */
		323E663B1D0ADDCC60F0EFD9 /* Configuration */ = {
			isa = PBXGroup;
			children = (
				4C0B8B734E9C9BB26F7D8D61 /* SampleCode.xcconfig */,
			);
			name = Configuration;
			sourceTree = "<group>";
		};
		3666B307FEF5770A1B6C8895 /* LICENSE */ = {
			isa = PBXGroup;
			children = (
				44FF279AB9F0BEBC72FDD7A7 /* LICENSE.txt */,
			);
			name = LICENSE;
			sourceTree = "<group>";
		};
		D8C894742BE931A10043DB71 = {
			isa = PBXGroup;
			children = (
				859DBECD75EAF51D2B75BED1 /* README.md */,
				D8C894CF2BEAD0E70043DB71 /* Common */,
				D8C8947F2BE931A10043DB71 /* SegmentationApp */,
				E124A0A62E92BB2C006EB402 /* SegmentationAppTests */,
				D8C8947E2BE931A10043DB71 /* Products */,
				323E663B1D0ADDCC60F0EFD9 /* Configuration */,
				3666B307FEF5770A1B6C8895 /* LICENSE */,
			);
			sourceTree = "<group>";
		};
		D8C8947E2BE931A10043DB71 /* Products */ = {
			isa = PBXGroup;
			children = (
				D8C8947D2BE931A10043DB71 /* SegmentationApp.app */,
				E124A0A52E92BB2C006EB402 /* SegmentationAppTests.xctest */,
			);
			name = Products;
			sourceTree = "<group>";
		};
		D8C8947F2BE931A10043DB71 /* SegmentationApp */ = {
			isa = PBXGroup;
			children = (
				71E1FD252C12D324000E93B1 /* ViewModel.swift */,
				71E1FD232C12C881000E93B1 /* MainView.swift */,
				D8C894862BE931A30043DB71 /* SegmentationApp.entitlements */,
				D8C894802BE931A20043DB71 /* SegmentationApp.swift */,
				D8C894842BE931A30043DB71 /* Assets.xcassets */,
				D8C894CA2BEACC2E0043DB71 /* models */,
				D8C894872BE931A30043DB71 /* Preview Content */,
			);
			path = SegmentationApp;
			sourceTree = "<group>";
		};
		D8C894872BE931A30043DB71 /* Preview Content */ = {
			isa = PBXGroup;
			children = (
				D8C894882BE931A30043DB71 /* Preview Assets.xcassets */,
			);
			path = "Preview Content";
			sourceTree = "<group>";
		};
		D8C894CA2BEACC2E0043DB71 /* models */ = {
			isa = PBXGroup;
			children = (
				711F1F162C2CAD310079B854 /* DETRResnet50SemanticSegmentationF16P8.mlpackage */,
			);
			path = models;
			sourceTree = "<group>";
		};
		D8C894CF2BEAD0E70043DB71 /* Common */ = {
			isa = PBXGroup;
			children = (
				71F286B12C2DE5400004D109 /* SegmentationModelHelper.swift */,
				D8C894D02BEAD0F50043DB71 /* CoreImageExtensions.swift */,
			);
			path = Common;
			sourceTree = "<group>";
		};
/* End PBXGroup section */

/* Begin PBXNativeTarget section */
		D8C8947C2BE931A10043DB71 /* SegmentationApp */ = {
			isa = PBXNativeTarget;
			buildConfigurationList = D8C894A22BE931A40043DB71 /* Build configuration list for PBXNativeTarget "SegmentationApp" */;
			buildPhases = (
				D8C894792BE931A10043DB71 /* Sources */,
				D8C8947A2BE931A10043DB71 /* Frameworks */,
				D8C8947B2BE931A10043DB71 /* Resources */,
			);
			buildRules = (
			);
			dependencies = (
			);
			name = SegmentationApp;
			productName = DepthApp;
			productReference = D8C8947D2BE931A10043DB71 /* SegmentationApp.app */;
			productType = "com.apple.product-type.application";
		};
		E124A0A42E92BB2C006EB402 /* SegmentationAppTests */ = {
			isa = PBXNativeTarget;
			buildConfigurationList = E124A0AD2E92BB2C006EB402 /* Build configuration list for PBXNativeTarget "SegmentationAppTests" */;
			buildPhases = (
				E124A0A12E92BB2C006EB402 /* Sources */,
				E124A0A22E92BB2C006EB402 /* Frameworks */,
				E124A0A32E92BB2C006EB402 /* Resources */,
			);
			buildRules = (
			);
			dependencies = (
				E124A0AA2E92BB2C006EB402 /* PBXTargetDependency */,
			);
			fileSystemSynchronizedGroups = (
				E124A0A62E92BB2C006EB402 /* SegmentationAppTests */,
			);
			name = SegmentationAppTests;
			packageProductDependencies = (
			);
			productName = SegmentationAppTests;
			productReference = E124A0A52E92BB2C006EB402 /* SegmentationAppTests.xctest */;
			productType = "com.apple.product-type.bundle.unit-test";
		};
/* End PBXNativeTarget section */

/* Begin PBXProject section */
		D8C894752BE931A10043DB71 /* Project object */ = {
			isa = PBXProject;
			attributes = {
				BuildIndependentTargetsInParallel = 1;
				LastSwiftUpdateCheck = 2600;
				LastUpgradeCheck = 2600;
				ORGANIZATIONNAME = Apple;
				TargetAttributes = {
					D8C8947C2BE931A10043DB71 = {
						CreatedOnToolsVersion = 16.0;
					};
					E124A0A42E92BB2C006EB402 = {
						CreatedOnToolsVersion = 26.0.1;
						TestTargetID = D8C8947C2BE931A10043DB71;
					};
				};
			};
			buildConfigurationList = D8C894782BE931A10043DB71 /* Build configuration list for PBXProject "ImageSegmentationDETR" */;
			compatibilityVersion = "Xcode 15.0";
			developmentRegion = en;
			hasScannedForEncodings = 0;
			knownRegions = (
				en,
				Base,
			);
			mainGroup = D8C894742BE931A10043DB71;
			packageReferences = (
			);
			productRefGroup = D8C8947E2BE931A10043DB71 /* Products */;
			projectDirPath = "";
			projectRoot = "";
			targets = (
				D8C8947C2BE931A10043DB71 /* SegmentationApp */,
				E124A0A42E92BB2C006EB402 /* SegmentationAppTests */,
			);
		};
/* End PBXProject section */

/* Begin PBXResourcesBuildPhase section */
		D8C8947B2BE931A10043DB71 /* Resources */ = {
			isa = PBXResourcesBuildPhase;
			buildActionMask = 2147483647;
			files = (
				D8C894892BE931A30043DB71 /* Preview Assets.xcassets in Resources */,
				D8C894852BE931A30043DB71 /* Assets.xcassets in Resources */,
			);
			runOnlyForDeploymentPostprocessing = 0;
		};
		E124A0A32E92BB2C006EB402 /* Resources */ = {
			isa = PBXResourcesBuildPhase;
			buildActionMask = 2147483647;
			files = (
			);
			runOnlyForDeploymentPostprocessing = 0;
		};
/* End PBXResourcesBuildPhase section */

/* Begin PBXSourcesBuildPhase section */
		D8C894792BE931A10043DB71 /* Sources */ = {
			isa = PBXSourcesBuildPhase;
			buildActionMask = 2147483647;
			files = (
				71E1FD262C12D339000E93B1 /* ViewModel.swift in Sources */,
				71F286B32C2DE54E0004D109 /* SegmentationModelHelper.swift in Sources */,
				D8C894812BE931A20043DB71 /* SegmentationApp.swift in Sources */,
				71E1FD242C12C88A000E93B1 /* MainView.swift in Sources */,
				711F1F172C2CAD310079B854 /* DETRResnet50SemanticSegmentationF16P8.mlpackage in Sources */,
				D8C894D12BEAD1230043DB71 /* CoreImageExtensions.swift in Sources */,
			);
			runOnlyForDeploymentPostprocessing = 0;
		};
		E124A0A12E92BB2C006EB402 /* Sources */ = {
			isa = PBXSourcesBuildPhase;
			buildActionMask = 2147483647;
			files = (
			);
			runOnlyForDeploymentPostprocessing = 0;
		};
/* End PBXSourcesBuildPhase section */

/* Begin PBXTargetDependency section */
		E124A0AA2E92BB2C006EB402 /* PBXTargetDependency */ = {
			isa = PBXTargetDependency;
			target = D8C8947C2BE931A10043DB71 /* SegmentationApp */;
			targetProxy = E124A0A92E92BB2C006EB402 /* PBXContainerItemProxy */;
		};
/* End PBXTargetDependency section */

/* Begin XCBuildConfiguration section */
		D8C894A02BE931A40043DB71 /* Debug */ = {
			isa = XCBuildConfiguration;
			baseConfigurationReference = 4C0B8B734E9C9BB26F7D8D61 /* SampleCode.xcconfig */;
			buildSettings = {
				ALWAYS_SEARCH_USER_PATHS = NO;
				ASSETCATALOG_COMPILER_GENERATE_SWIFT_ASSET_SYMBOL_EXTENSIONS = YES;
				CLANG_ANALYZER_NONNULL = YES;
				CLANG_ANALYZER_NUMBER_OBJECT_CONVERSION = YES_AGGRESSIVE;
				CLANG_CXX_LANGUAGE_STANDARD = "gnu++20";
				CLANG_ENABLE_MODULES = YES;
				CLANG_ENABLE_OBJC_ARC = YES;
				CLANG_ENABLE_OBJC_WEAK = YES;
				CLANG_WARN_BLOCK_CAPTURE_AUTORELEASING = YES;
				CLANG_WARN_BOOL_CONVERSION = YES;
				CLANG_WARN_COMMA = YES;
				CLANG_WARN_CONSTANT_CONVERSION = YES;
				CLANG_WARN_DEPRECATED_OBJC_IMPLEMENTATIONS = YES;
				CLANG_WARN_DIRECT_OBJC_ISA_USAGE = YES_ERROR;
				CLANG_WARN_DOCUMENTATION_COMMENTS = YES;
				CLANG_WARN_EMPTY_BODY = YES;
				CLANG_WARN_ENUM_CONVERSION = YES;
				CLANG_WARN_INFINITE_RECURSION = YES;
				CLANG_WARN_INT_CONVERSION = YES;
				CLANG_WARN_NON_LITERAL_NULL_CONVERSION = YES;
				CLANG_WARN_OBJC_IMPLICIT_RETAIN_SELF = YES;
				CLANG_WARN_OBJC_LITERAL_CONVERSION = YES;
				CLANG_WARN_OBJC_ROOT_CLASS = YES_ERROR;
				CLANG_WARN_QUOTED_INCLUDE_IN_FRAMEWORK_HEADER = YES;
				CLANG_WARN_RANGE_LOOP_ANALYSIS = YES;
				CLANG_WARN_STRICT_PROTOTYPES = YES;
				CLANG_WARN_SUSPICIOUS_MOVE = YES;
				CLANG_WARN_UNGUARDED_AVAILABILITY = YES_AGGRESSIVE;
				CLANG_WARN_UNREACHABLE_CODE = YES;
				CLANG_WARN__DUPLICATE_METHOD_MATCH = YES;
				COPY_PHASE_STRIP = NO;
				DEAD_CODE_STRIPPING = YES;
				DEBUG_INFORMATION_FORMAT = dwarf;
				DEVELOPMENT_TEAM = 3YJZ43HKVW;
				ENABLE_STRICT_OBJC_MSGSEND = YES;
				ENABLE_TESTABILITY = YES;
				ENABLE_USER_SCRIPT_SANDBOXING = YES;
				GCC_C_LANGUAGE_STANDARD = gnu17;
				GCC_DYNAMIC_NO_PIC = NO;
				GCC_NO_COMMON_BLOCKS = YES;
				GCC_OPTIMIZATION_LEVEL = 0;
				GCC_PREPROCESSOR_DEFINITIONS = (
					"DEBUG=1",
					"$(inherited)",
				);
				GCC_WARN_64_TO_32_BIT_CONVERSION = YES;
				GCC_WARN_ABOUT_RETURN_TYPE = YES_ERROR;
				GCC_WARN_UNDECLARED_SELECTOR = YES;
				GCC_WARN_UNINITIALIZED_AUTOS = YES_AGGRESSIVE;
				GCC_WARN_UNUSED_FUNCTION = YES;
				GCC_WARN_UNUSED_VARIABLE = YES;
				LOCALIZATION_PREFERS_STRING_CATALOGS = YES;
				MTL_ENABLE_DEBUG_INFO = INCLUDE_SOURCE;
				MTL_FAST_MATH = YES;
				ONLY_ACTIVE_ARCH = YES;
				STRING_CATALOG_GENERATE_SYMBOLS = YES;
				SWIFT_ACTIVE_COMPILATION_CONDITIONS = "DEBUG $(inherited)";
				SWIFT_OPTIMIZATION_LEVEL = "-Onone";
			};
			name = Debug;
		};
		D8C894A12BE931A40043DB71 /* Release */ = {
			isa = XCBuildConfiguration;
			baseConfigurationReference = 4C0B8B734E9C9BB26F7D8D61 /* SampleCode.xcconfig */;
			buildSettings = {
				ALWAYS_SEARCH_USER_PATHS = NO;
				ASSETCATALOG_COMPILER_GENERATE_SWIFT_ASSET_SYMBOL_EXTENSIONS = YES;
				CLANG_ANALYZER_NONNULL = YES;
				CLANG_ANALYZER_NUMBER_OBJECT_CONVERSION = YES_AGGRESSIVE;
				CLANG_CXX_LANGUAGE_STANDARD = "gnu++20";
				CLANG_ENABLE_MODULES = YES;
				CLANG_ENABLE_OBJC_ARC = YES;
				CLANG_ENABLE_OBJC_WEAK = YES;
				CLANG_WARN_BLOCK_CAPTURE_AUTORELEASING = YES;
				CLANG_WARN_BOOL_CONVERSION = YES;
				CLANG_WARN_COMMA = YES;
				CLANG_WARN_CONSTANT_CONVERSION = YES;
				CLANG_WARN_DEPRECATED_OBJC_IMPLEMENTATIONS = YES;
				CLANG_WARN_DIRECT_OBJC_ISA_USAGE = YES_ERROR;
				CLANG_WARN_DOCUMENTATION_COMMENTS = YES;
				CLANG_WARN_EMPTY_BODY = YES;
				CLANG_WARN_ENUM_CONVERSION = YES;
				CLANG_WARN_INFINITE_RECURSION = YES;
				CLANG_WARN_INT_CONVERSION = YES;
				CLANG_WARN_NON_LITERAL_NULL_CONVERSION = YES;
				CLANG_WARN_OBJC_IMPLICIT_RETAIN_SELF = YES;
				CLANG_WARN_OBJC_LITERAL_CONVERSION = YES;
				CLANG_WARN_OBJC_ROOT_CLASS = YES_ERROR;
				CLANG_WARN_QUOTED_INCLUDE_IN_FRAMEWORK_HEADER = YES;
				CLANG_WARN_RANGE_LOOP_ANALYSIS = YES;
				CLANG_WARN_STRICT_PROTOTYPES = YES;
				CLANG_WARN_SUSPICIOUS_MOVE = YES;
				CLANG_WARN_UNGUARDED_AVAILABILITY = YES_AGGRESSIVE;
				CLANG_WARN_UNREACHABLE_CODE = YES;
				CLANG_WARN__DUPLICATE_METHOD_MATCH = YES;
				COPY_PHASE_STRIP = NO;
				DEAD_CODE_STRIPPING = YES;
				DEBUG_INFORMATION_FORMAT = "dwarf-with-dsym";
				DEVELOPMENT_TEAM = 3YJZ43HKVW;
				ENABLE_NS_ASSERTIONS = NO;
				ENABLE_STRICT_OBJC_MSGSEND = YES;
				ENABLE_USER_SCRIPT_SANDBOXING = YES;
				GCC_C_LANGUAGE_STANDARD = gnu17;
				GCC_NO_COMMON_BLOCKS = YES;
				GCC_WARN_64_TO_32_BIT_CONVERSION = YES;
				GCC_WARN_ABOUT_RETURN_TYPE = YES_ERROR;
				GCC_WARN_UNDECLARED_SELECTOR = YES;
				GCC_WARN_UNINITIALIZED_AUTOS = YES_AGGRESSIVE;
				GCC_WARN_UNUSED_FUNCTION = YES;
				GCC_WARN_UNUSED_VARIABLE = YES;
				LOCALIZATION_PREFERS_STRING_CATALOGS = YES;
				MTL_ENABLE_DEBUG_INFO = NO;
				MTL_FAST_MATH = YES;
				STRING_CATALOG_GENERATE_SYMBOLS = YES;
				SWIFT_COMPILATION_MODE = wholemodule;
			};
			name = Release;
		};
		D8C894A32BE931A40043DB71 /* Debug */ = {
			isa = XCBuildConfiguration;
			baseConfigurationReference = 4C0B8B734E9C9BB26F7D8D61 /* SampleCode.xcconfig */;
			buildSettings = {
				ASSETCATALOG_COMPILER_APPICON_NAME = AppIcon;
				ASSETCATALOG_COMPILER_GLOBAL_ACCENT_COLOR_NAME = AccentColor;
				CODE_SIGN_ENTITLEMENTS = SegmentationApp/SegmentationApp.entitlements;
				CODE_SIGN_STYLE = Automatic;
				CURRENT_PROJECT_VERSION = 1;
				DEAD_CODE_STRIPPING = YES;
				DEVELOPMENT_ASSET_PATHS = "\"SegmentationApp/Preview Content\"";
				ENABLE_APP_SANDBOX = YES;
				ENABLE_PREVIEWS = YES;
				ENABLE_RESOURCE_ACCESS_CAMERA = YES;
				ENABLE_USER_SCRIPT_SANDBOXING = YES;
				ENABLE_USER_SELECTED_FILES = readonly;
				GENERATE_INFOPLIST_FILE = YES;
				INFOPLIST_KEY_NSCameraUsageDescription = "Capture photos for image recognition and segmentation";
				"INFOPLIST_KEY_UIApplicationSceneManifest_Generation[sdk=iphoneos*]" = YES;
				"INFOPLIST_KEY_UIApplicationSceneManifest_Generation[sdk=iphonesimulator*]" = YES;
				"INFOPLIST_KEY_UIApplicationSupportsIndirectInputEvents[sdk=iphoneos*]" = YES;
				"INFOPLIST_KEY_UIApplicationSupportsIndirectInputEvents[sdk=iphonesimulator*]" = YES;
				"INFOPLIST_KEY_UILaunchScreen_Generation[sdk=iphoneos*]" = YES;
				"INFOPLIST_KEY_UILaunchScreen_Generation[sdk=iphonesimulator*]" = YES;
				"INFOPLIST_KEY_UIStatusBarStyle[sdk=iphoneos*]" = UIStatusBarStyleDefault;
				"INFOPLIST_KEY_UIStatusBarStyle[sdk=iphonesimulator*]" = UIStatusBarStyleDefault;
				INFOPLIST_KEY_UISupportedInterfaceOrientations_iPad = "UIInterfaceOrientationPortrait UIInterfaceOrientationPortraitUpsideDown UIInterfaceOrientationLandscapeLeft UIInterfaceOrientationLandscapeRight";
				INFOPLIST_KEY_UISupportedInterfaceOrientations_iPhone = "UIInterfaceOrientationPortrait UIInterfaceOrientationLandscapeLeft UIInterfaceOrientationLandscapeRight";
				IPHONEOS_DEPLOYMENT_TARGET = 17.0;
				LD_RUNPATH_SEARCH_PATHS = "@executable_path/Frameworks";
				"LD_RUNPATH_SEARCH_PATHS[sdk=macosx*]" = "@executable_path/../Frameworks";
				MARKETING_VERSION = 1.0;
				PRODUCT_BUNDLE_IDENTIFIER = "com.example.apple-samplecode.ImageSegmentationApp${SAMPLE_CODE_DISAMBIGUATOR}";
				"PRODUCT_BUNDLE_IDENTIFIER[sdk=iphoneos*]" = "ai.tuul.apple-samplecode.ImageSegmentationApp3YJZ43HKVW";
				PRODUCT_NAME = "$(TARGET_NAME)";
				PROVISIONING_PROFILE_SPECIFIER = "";
				SDKROOT = auto;
				SUPPORTED_PLATFORMS = "iphoneos iphonesimulator";
				SUPPORTS_MACCATALYST = NO;
				SUPPORTS_MAC_DESIGNED_FOR_IPHONE_IPAD = NO;
				SWIFT_EMIT_LOC_STRINGS = YES;
				SWIFT_VERSION = 5.0;
				TARGETED_DEVICE_FAMILY = "1,2";
			};
			name = Debug;
		};
		D8C894A42BE931A40043DB71 /* Release */ = {
			isa = XCBuildConfiguration;
			baseConfigurationReference = 4C0B8B734E9C9BB26F7D8D61 /* SampleCode.xcconfig */;
			buildSettings = {
				ASSETCATALOG_COMPILER_APPICON_NAME = AppIcon;
				ASSETCATALOG_COMPILER_GLOBAL_ACCENT_COLOR_NAME = AccentColor;
				CODE_SIGN_ENTITLEMENTS = SegmentationApp/SegmentationApp.entitlements;
				CODE_SIGN_STYLE = Automatic;
				CURRENT_PROJECT_VERSION = 1;
				DEAD_CODE_STRIPPING = YES;
				DEVELOPMENT_ASSET_PATHS = "\"SegmentationApp/Preview Content\"";
				ENABLE_APP_SANDBOX = YES;
				ENABLE_PREVIEWS = YES;
				ENABLE_RESOURCE_ACCESS_CAMERA = YES;
				ENABLE_USER_SCRIPT_SANDBOXING = YES;
				ENABLE_USER_SELECTED_FILES = readonly;
				GENERATE_INFOPLIST_FILE = YES;
				INFOPLIST_KEY_NSCameraUsageDescription = "Capture photos for image recognition and segmentation";
				"INFOPLIST_KEY_UIApplicationSceneManifest_Generation[sdk=iphoneos*]" = YES;
				"INFOPLIST_KEY_UIApplicationSceneManifest_Generation[sdk=iphonesimulator*]" = YES;
				"INFOPLIST_KEY_UIApplicationSupportsIndirectInputEvents[sdk=iphoneos*]" = YES;
				"INFOPLIST_KEY_UIApplicationSupportsIndirectInputEvents[sdk=iphonesimulator*]" = YES;
				"INFOPLIST_KEY_UILaunchScreen_Generation[sdk=iphoneos*]" = YES;
				"INFOPLIST_KEY_UILaunchScreen_Generation[sdk=iphonesimulator*]" = YES;
				"INFOPLIST_KEY_UIStatusBarStyle[sdk=iphoneos*]" = UIStatusBarStyleDefault;
				"INFOPLIST_KEY_UIStatusBarStyle[sdk=iphonesimulator*]" = UIStatusBarStyleDefault;
				INFOPLIST_KEY_UISupportedInterfaceOrientations_iPad = "UIInterfaceOrientationPortrait UIInterfaceOrientationPortraitUpsideDown UIInterfaceOrientationLandscapeLeft UIInterfaceOrientationLandscapeRight";
				INFOPLIST_KEY_UISupportedInterfaceOrientations_iPhone = "UIInterfaceOrientationPortrait UIInterfaceOrientationLandscapeLeft UIInterfaceOrientationLandscapeRight";
				IPHONEOS_DEPLOYMENT_TARGET = 17.0;
				LD_RUNPATH_SEARCH_PATHS = "@executable_path/Frameworks";
				"LD_RUNPATH_SEARCH_PATHS[sdk=macosx*]" = "@executable_path/../Frameworks";
				MARKETING_VERSION = 1.0;
				PRODUCT_BUNDLE_IDENTIFIER = "com.example.apple-samplecode.ImageSegmentationApp${SAMPLE_CODE_DISAMBIGUATOR}";
				"PRODUCT_BUNDLE_IDENTIFIER[sdk=iphoneos*]" = "ai.tuul.apple-samplecode.ImageSegmentationApp3YJZ43HKVW";
				PRODUCT_NAME = "$(TARGET_NAME)";
				PROVISIONING_PROFILE_SPECIFIER = "";
				SDKROOT = auto;
				SUPPORTED_PLATFORMS = "iphoneos iphonesimulator";
				SUPPORTS_MACCATALYST = NO;
				SUPPORTS_MAC_DESIGNED_FOR_IPHONE_IPAD = NO;
				SWIFT_EMIT_LOC_STRINGS = YES;
				SWIFT_VERSION = 5.0;
				TARGETED_DEVICE_FAMILY = "1,2";
			};
			name = Release;
		};
		E124A0AB2E92BB2C006EB402 /* Debug */ = {
			isa = XCBuildConfiguration;
			buildSettings = {
				BUNDLE_LOADER = "$(TEST_HOST)";
				CODE_SIGN_STYLE = Automatic;
				CURRENT_PROJECT_VERSION = 1;
				GENERATE_INFOPLIST_FILE = YES;
				IPHONEOS_DEPLOYMENT_TARGET = 26.0;
				MARKETING_VERSION = 1.0;
				PRODUCT_BUNDLE_IDENTIFIER = com.mathheartcode.SegmentationAppTests;
				PRODUCT_NAME = "$(TARGET_NAME)";
				SDKROOT = iphoneos;
				STRING_CATALOG_GENERATE_SYMBOLS = NO;
				SWIFT_APPROACHABLE_CONCURRENCY = YES;
				SWIFT_EMIT_LOC_STRINGS = NO;
				SWIFT_UPCOMING_FEATURE_MEMBER_IMPORT_VISIBILITY = YES;
				SWIFT_VERSION = 5.0;
				TARGETED_DEVICE_FAMILY = "1,2";
				TEST_HOST = "$(BUILT_PRODUCTS_DIR)/SegmentationApp.app/$(BUNDLE_EXECUTABLE_FOLDER_PATH)/SegmentationApp";
			};
			name = Debug;
		};
		E124A0AC2E92BB2C006EB402 /* Release */ = {
			isa = XCBuildConfiguration;
			buildSettings = {
				BUNDLE_LOADER = "$(TEST_HOST)";
				CODE_SIGN_STYLE = Automatic;
				CURRENT_PROJECT_VERSION = 1;
				GENERATE_INFOPLIST_FILE = YES;
				IPHONEOS_DEPLOYMENT_TARGET = 26.0;
				MARKETING_VERSION = 1.0;
				PRODUCT_BUNDLE_IDENTIFIER = com.mathheartcode.SegmentationAppTests;
				PRODUCT_NAME = "$(TARGET_NAME)";
				SDKROOT = iphoneos;
				STRING_CATALOG_GENERATE_SYMBOLS = NO;
				SWIFT_APPROACHABLE_CONCURRENCY = YES;
				SWIFT_EMIT_LOC_STRINGS = NO;
				SWIFT_UPCOMING_FEATURE_MEMBER_IMPORT_VISIBILITY = YES;
				SWIFT_VERSION = 5.0;
				TARGETED_DEVICE_FAMILY = "1,2";
				TEST_HOST = "$(BUILT_PRODUCTS_DIR)/SegmentationApp.app/$(BUNDLE_EXECUTABLE_FOLDER_PATH)/SegmentationApp";
				VALIDATE_PRODUCT = YES;
			};
			name = Release;
		};
/* End XCBuildConfiguration section */

/* Begin XCConfigurationList section */
		D8C894782BE931A10043DB71 /* Build configuration list for PBXProject "ImageSegmentationDETR" */ = {
			isa = XCConfigurationList;
			buildConfigurations = (
				D8C894A02BE931A40043DB71 /* Debug */,
				D8C894A12BE931A40043DB71 /* Release */,
			);
			defaultConfigurationIsVisible = 0;
			defaultConfigurationName = Release;
		};
		D8C894A22BE931A40043DB71 /* Build configuration list for PBXNativeTarget "SegmentationApp" */ = {
			isa = XCConfigurationList;
			buildConfigurations = (
				D8C894A32BE931A40043DB71 /* Debug */,
				D8C894A42BE931A40043DB71 /* Release */,
			);
			defaultConfigurationIsVisible = 0;
			defaultConfigurationName = Release;
		};
		E124A0AD2E92BB2C006EB402 /* Build configuration list for PBXNativeTarget "SegmentationAppTests" */ = {
			isa = XCConfigurationList;
			buildConfigurations = (
				E124A0AB2E92BB2C006EB402 /* Debug */,
				E124A0AC2E92BB2C006EB402 /* Release */,
			);
			defaultConfigurationIsVisible = 0;
			defaultConfigurationName = Release;
		};
/* End XCConfigurationList section */
	};
	rootObject = D8C894752BE931A10043DB71 /* Project object */;
}
